
Microsoft Visual Studio Solution File, Format Version 12.00
# Visual Studio Version 17
VisualStudioVersion = 17.0.31919.166
MinimumVisualStudioVersion = 10.0.40219.1
Project("{FAE04EC0-301F-11D3-BF4B-00C04F79EFBC}") = "Anime", "Anime\Anime.csproj", "{79CDB7F8-361C-41B7-8CA4-089531878626}"
EndProject
Global
	GlobalSection(SolutionConfigurationPlatforms) = preSolution
		Debug|Any CPU = Debug|Any CPU
		Release|Any CPU = Release|Any CPU
	EndGlobalSection
	GlobalSection(ProjectConfigurationPlatforms) = postSolution
		{79CDB7F8-361C-41B7-8CA4-089531878626}.Debug|Any CPU.ActiveCfg = Debug|Any CPU
		{79CDB7F8-361C-41B7-8CA4-089531878626}.Debug|Any CPU.Build.0 = Debug|Any CPU
		{79CDB7F8-361C-41B7-8CA4-089531878626}.Release|Any CPU.ActiveCfg = Release|Any CPU
		{79CDB7F8-361C-41B7-8CA4-089531878626}.Release|Any CPU.Build.0 = Release|Any CPU
	EndGlobalSection
	GlobalSection(SolutionProperties) = preSolution
		HideSolutionNode = FALSE
	EndGlobalSection
	GlobalSection(ExtensibilityGlobals) = postSolution
		SolutionGuid = {F27F7D35-2660-450D-93A2-771103C33EB4}
	EndGlobalSection
EndGlobal
